
Microsoft Visual Studio Solution File, Format Version 12.00
# Visual Studio Version 17
VisualStudioVersion = 17.4.32804.182
MinimumVisualStudioVersion = 10.0.40219.1
Project("{9A19103F-16F7-4668-BE54-9A1E7A4F7556}") = "SmokeTest", "SmokeTest\SmokeTest.csproj", "{57C8FB99-3BC7-459F-A00C-47D8B3B556F0}"
EndProject
Project("{9A19103F-16F7-4668-BE54-9A1E7A4F7556}") = "PrimeTime", "PrimeTime\PrimeTime.csproj", "{BA101377-507C-41B8-9881-C07DB47ACF90}"
EndProject
Project("{9A19103F-16F7-4668-BE54-9A1E7A4F7556}") = "Common", "Common\Common.csproj", "{B7D6BC72-D50E-4E5D-A112-BE3B3420B7B6}"
EndProject
Project("{9A19103F-16F7-4668-BE54-9A1E7A4F7556}") = "IntegrationTests", "IntegrationTests\IntegrationTests.csproj", "{751930CC-C95B-4FE1-B3A0-E0BD466350E7}"
EndProject
Project("{9A19103F-16F7-4668-BE54-9A1E7A4F7556}") = "MeansToAEnd", "MeansToAEnd\MeansToAEnd.csproj", "{DC005626-45F2-4087-928D-E97FDE2FB14B}"
EndProject
Project("{9A19103F-16F7-4668-BE54-9A1E7A4F7556}") = "BudgetChat", "BudgetChat\BudgetChat.csproj", "{1C002244-4E01-49FD-8E45-F4C3EF890C6C}"
EndProject
Project("{9A19103F-16F7-4668-BE54-9A1E7A4F7556}") = "UnusualDatabaseProgram", "UnusualDatabaseProgram\UnusualDatabaseProgram.csproj", "{2827EA06-F7E3-4820-89E3-38E3940ADB8C}"
EndProject
Project("{9A19103F-16F7-4668-BE54-9A1E7A4F7556}") = "TestUdp", "TestUdp\TestUdp.csproj", "{993C7EAC-1C87-4322-A23C-ADB9F3138FB8}"
EndProject
Project("{9A19103F-16F7-4668-BE54-9A1E7A4F7556}") = "MobInTheMiddle", "MobInTheMiddle\MobInTheMiddle.csproj", "{21AF910B-6927-4AF5-B992-D727953D2000}"
EndProject
Project("{9A19103F-16F7-4668-BE54-9A1E7A4F7556}") = "TestTcp", "TestTcp\TestTcp.csproj", "{E08F37AD-B285-45A7-9A56-B5AAEC5895BC}"
EndProject
Project("{FAE04EC0-301F-11D3-BF4B-00C04F79EFBC}") = "SpeedDaemon", "SpeedDaemon\SpeedDaemon.csproj", "{05D60A57-09D5-4F3B-AD75-90C83442A49B}"
EndProject
Global
	GlobalSection(SolutionConfigurationPlatforms) = preSolution
		Debug|Any CPU = Debug|Any CPU
		Release|Any CPU = Release|Any CPU
	EndGlobalSection
	GlobalSection(ProjectConfigurationPlatforms) = postSolution
		{57C8FB99-3BC7-459F-A00C-47D8B3B556F0}.Debug|Any CPU.ActiveCfg = Debug|Any CPU
		{57C8FB99-3BC7-459F-A00C-47D8B3B556F0}.Debug|Any CPU.Build.0 = Debug|Any CPU
		{57C8FB99-3BC7-459F-A00C-47D8B3B556F0}.Release|Any CPU.ActiveCfg = Release|Any CPU
		{57C8FB99-3BC7-459F-A00C-47D8B3B556F0}.Release|Any CPU.Build.0 = Release|Any CPU
		{BA101377-507C-41B8-9881-C07DB47ACF90}.Debug|Any CPU.ActiveCfg = Debug|Any CPU
		{BA101377-507C-41B8-9881-C07DB47ACF90}.Debug|Any CPU.Build.0 = Debug|Any CPU
		{BA101377-507C-41B8-9881-C07DB47ACF90}.Release|Any CPU.ActiveCfg = Release|Any CPU
		{BA101377-507C-41B8-9881-C07DB47ACF90}.Release|Any CPU.Build.0 = Release|Any CPU
		{B7D6BC72-D50E-4E5D-A112-BE3B3420B7B6}.Debug|Any CPU.ActiveCfg = Debug|Any CPU
		{B7D6BC72-D50E-4E5D-A112-BE3B3420B7B6}.Debug|Any CPU.Build.0 = Debug|Any CPU
		{B7D6BC72-D50E-4E5D-A112-BE3B3420B7B6}.Release|Any CPU.ActiveCfg = Release|Any CPU
		{B7D6BC72-D50E-4E5D-A112-BE3B3420B7B6}.Release|Any CPU.Build.0 = Release|Any CPU
		{751930CC-C95B-4FE1-B3A0-E0BD466350E7}.Debug|Any CPU.ActiveCfg = Debug|Any CPU
		{751930CC-C95B-4FE1-B3A0-E0BD466350E7}.Debug|Any CPU.Build.0 = Debug|Any CPU
		{751930CC-C95B-4FE1-B3A0-E0BD466350E7}.Release|Any CPU.ActiveCfg = Release|Any CPU
		{751930CC-C95B-4FE1-B3A0-E0BD466350E7}.Release|Any CPU.Build.0 = Release|Any CPU
		{DC005626-45F2-4087-928D-E97FDE2FB14B}.Debug|Any CPU.ActiveCfg = Debug|Any CPU
		{DC005626-45F2-4087-928D-E97FDE2FB14B}.Debug|Any CPU.Build.0 = Debug|Any CPU
		{DC005626-45F2-4087-928D-E97FDE2FB14B}.Release|Any CPU.ActiveCfg = Release|Any CPU
		{DC005626-45F2-4087-928D-E97FDE2FB14B}.Release|Any CPU.Build.0 = Release|Any CPU
		{1C002244-4E01-49FD-8E45-F4C3EF890C6C}.Debug|Any CPU.ActiveCfg = Debug|Any CPU
		{1C002244-4E01-49FD-8E45-F4C3EF890C6C}.Debug|Any CPU.Build.0 = Debug|Any CPU
		{1C002244-4E01-49FD-8E45-F4C3EF890C6C}.Release|Any CPU.ActiveCfg = Release|Any CPU
		{1C002244-4E01-49FD-8E45-F4C3EF890C6C}.Release|Any CPU.Build.0 = Release|Any CPU
		{2827EA06-F7E3-4820-89E3-38E3940ADB8C}.Debug|Any CPU.ActiveCfg = Debug|Any CPU
		{2827EA06-F7E3-4820-89E3-38E3940ADB8C}.Debug|Any CPU.Build.0 = Debug|Any CPU
		{2827EA06-F7E3-4820-89E3-38E3940ADB8C}.Release|Any CPU.ActiveCfg = Release|Any CPU
		{2827EA06-F7E3-4820-89E3-38E3940ADB8C}.Release|Any CPU.Build.0 = Release|Any CPU
		{993C7EAC-1C87-4322-A23C-ADB9F3138FB8}.Debug|Any CPU.ActiveCfg = Debug|Any CPU
		{993C7EAC-1C87-4322-A23C-ADB9F3138FB8}.Debug|Any CPU.Build.0 = Debug|Any CPU
		{993C7EAC-1C87-4322-A23C-ADB9F3138FB8}.Release|Any CPU.ActiveCfg = Release|Any CPU
		{993C7EAC-1C87-4322-A23C-ADB9F3138FB8}.Release|Any CPU.Build.0 = Release|Any CPU
		{21AF910B-6927-4AF5-B992-D727953D2000}.Debug|Any CPU.ActiveCfg = Debug|Any CPU
		{21AF910B-6927-4AF5-B992-D727953D2000}.Debug|Any CPU.Build.0 = Debug|Any CPU
		{21AF910B-6927-4AF5-B992-D727953D2000}.Release|Any CPU.ActiveCfg = Release|Any CPU
		{21AF910B-6927-4AF5-B992-D727953D2000}.Release|Any CPU.Build.0 = Release|Any CPU
		{E08F37AD-B285-45A7-9A56-B5AAEC5895BC}.Debug|Any CPU.ActiveCfg = Debug|Any CPU
		{E08F37AD-B285-45A7-9A56-B5AAEC5895BC}.Debug|Any CPU.Build.0 = Debug|Any CPU
		{E08F37AD-B285-45A7-9A56-B5AAEC5895BC}.Release|Any CPU.ActiveCfg = Release|Any CPU
		{E08F37AD-B285-45A7-9A56-B5AAEC5895BC}.Release|Any CPU.Build.0 = Release|Any CPU
		{05D60A57-09D5-4F3B-AD75-90C83442A49B}.Debug|Any CPU.ActiveCfg = Debug|Any CPU
		{05D60A57-09D5-4F3B-AD75-90C83442A49B}.Debug|Any CPU.Build.0 = Debug|Any CPU
		{05D60A57-09D5-4F3B-AD75-90C83442A49B}.Release|Any CPU.ActiveCfg = Release|Any CPU
		{05D60A57-09D5-4F3B-AD75-90C83442A49B}.Release|Any CPU.Build.0 = Release|Any CPU
	EndGlobalSection
	GlobalSection(SolutionProperties) = preSolution
		HideSolutionNode = FALSE
	EndGlobalSection
	GlobalSection(ExtensibilityGlobals) = postSolution
		SolutionGuid = {62FEC77A-3BCC-4922-AC6B-DF59FEB44379}
	EndGlobalSection
EndGlobal
