
Microsoft Visual Studio Solution File, Format Version 12.00
# Visual Studio Version 17
VisualStudioVersion = 17.4.32804.182
MinimumVisualStudioVersion = 10.0.40219.1
Project("{FAE04EC0-301F-11D3-BF4B-00C04F79EFBC}") = "SmokeTest", "SmokeTest\SmokeTest.csproj", "{57C8FB99-3BC7-459F-A00C-47D8B3B556F0}"
EndProject
Project("{FAE04EC0-301F-11D3-BF4B-00C04F79EFBC}") = "PrimeTime", "PrimeTime\PrimeTime.csproj", "{BA101377-507C-41B8-9881-C07DB47ACF90}"
EndProject
Project("{FAE04EC0-301F-11D3-BF4B-00C04F79EFBC}") = "Common", "Common\Common.csproj", "{B7D6BC72-D50E-4E5D-A112-BE3B3420B7B6}"
EndProject
Project("{FAE04EC0-301F-11D3-BF4B-00C04F79EFBC}") = "IntegrationTests", "IntegrationTests\IntegrationTests.csproj", "{751930CC-C95B-4FE1-B3A0-E0BD466350E7}"
EndProject
Project("{FAE04EC0-301F-11D3-BF4B-00C04F79EFBC}") = "MeansToAEnd", "MeansToAEnd\MeansToAEnd.csproj", "{DC005626-45F2-4087-928D-E97FDE2FB14B}"
EndProject
Global
	GlobalSection(SolutionConfigurationPlatforms) = preSolution
		Debug|Any CPU = Debug|Any CPU
		Release|Any CPU = Release|Any CPU
	EndGlobalSection
	GlobalSection(ProjectConfigurationPlatforms) = postSolution
		{57C8FB99-3BC7-459F-A00C-47D8B3B556F0}.Debug|Any CPU.ActiveCfg = Debug|Any CPU
		{57C8FB99-3BC7-459F-A00C-47D8B3B556F0}.Debug|Any CPU.Build.0 = Debug|Any CPU
		{57C8FB99-3BC7-459F-A00C-47D8B3B556F0}.Release|Any CPU.ActiveCfg = Release|Any CPU
		{57C8FB99-3BC7-459F-A00C-47D8B3B556F0}.Release|Any CPU.Build.0 = Release|Any CPU
		{BA101377-507C-41B8-9881-C07DB47ACF90}.Debug|Any CPU.ActiveCfg = Debug|Any CPU
		{BA101377-507C-41B8-9881-C07DB47ACF90}.Debug|Any CPU.Build.0 = Debug|Any CPU
		{BA101377-507C-41B8-9881-C07DB47ACF90}.Release|Any CPU.ActiveCfg = Release|Any CPU
		{BA101377-507C-41B8-9881-C07DB47ACF90}.Release|Any CPU.Build.0 = Release|Any CPU
		{B7D6BC72-D50E-4E5D-A112-BE3B3420B7B6}.Debug|Any CPU.ActiveCfg = Debug|Any CPU
		{B7D6BC72-D50E-4E5D-A112-BE3B3420B7B6}.Debug|Any CPU.Build.0 = Debug|Any CPU
		{B7D6BC72-D50E-4E5D-A112-BE3B3420B7B6}.Release|Any CPU.ActiveCfg = Release|Any CPU
		{B7D6BC72-D50E-4E5D-A112-BE3B3420B7B6}.Release|Any CPU.Build.0 = Release|Any CPU
		{751930CC-C95B-4FE1-B3A0-E0BD466350E7}.Debug|Any CPU.ActiveCfg = Debug|Any CPU
		{751930CC-C95B-4FE1-B3A0-E0BD466350E7}.Debug|Any CPU.Build.0 = Debug|Any CPU
		{751930CC-C95B-4FE1-B3A0-E0BD466350E7}.Release|Any CPU.ActiveCfg = Release|Any CPU
		{751930CC-C95B-4FE1-B3A0-E0BD466350E7}.Release|Any CPU.Build.0 = Release|Any CPU
		{DC005626-45F2-4087-928D-E97FDE2FB14B}.Debug|Any CPU.ActiveCfg = Debug|Any CPU
		{DC005626-45F2-4087-928D-E97FDE2FB14B}.Debug|Any CPU.Build.0 = Debug|Any CPU
		{DC005626-45F2-4087-928D-E97FDE2FB14B}.Release|Any CPU.ActiveCfg = Release|Any CPU
		{DC005626-45F2-4087-928D-E97FDE2FB14B}.Release|Any CPU.Build.0 = Release|Any CPU
	EndGlobalSection
	GlobalSection(SolutionProperties) = preSolution
		HideSolutionNode = FALSE
	EndGlobalSection
	GlobalSection(ExtensibilityGlobals) = postSolution
		SolutionGuid = {62FEC77A-3BCC-4922-AC6B-DF59FEB44379}
	EndGlobalSection
EndGlobal
